
Microsoft Visual Studio Solution File, Format Version 12.00
# Visual Studio Version 17
VisualStudioVersion = 17.7.34024.191
MinimumVisualStudioVersion = 10.0.40219.1
Project("{9A19103F-16F7-4668-BE54-9A1E7A4F7556}") = "FHS.Api", "FHS.Api\FHS.Api.csproj", "{DCEC213A-93DC-4C62-96C8-E05C710BBEA6}"
EndProject
Project("{9A19103F-16F7-4668-BE54-9A1E7A4F7556}") = "FHS.Domain", "FHS.Domain\FHS.Domain.csproj", "{300BDC8F-3CA4-4429-A063-2A79810AF5E3}"
EndProject
Project("{9A19103F-16F7-4668-BE54-9A1E7A4F7556}") = "FHS.Services", "FHS.Services\FHS.Services.csproj", "{9C888503-112D-4123-BCE1-9BC44261D976}"
	ProjectSection(ProjectDependencies) = postProject
		{738AA5D1-5E1F-4D6C-AA99-AB991FEE8905} = {738AA5D1-5E1F-4D6C-AA99-AB991FEE8905}
	EndProjectSection
EndProject
Project("{9A19103F-16F7-4668-BE54-9A1E7A4F7556}") = "FHS.Data", "FHS.Data\FHS.Data.csproj", "{028A9787-5DA8-4D12-A6B4-7B3FF0327F8E}"
EndProject
Project("{9A19103F-16F7-4668-BE54-9A1E7A4F7556}") = "FHS.Mapper", "FHS.Mapper\FHS.Mapper.csproj", "{A3C3E273-61EE-48EF-A3C2-8D934D3EFA83}"
EndProject
Project("{9A19103F-16F7-4668-BE54-9A1E7A4F7556}") = "FHS.Resources", "FHS.Resources\FHS.Resources.csproj", "{738AA5D1-5E1F-4D6C-AA99-AB991FEE8905}"
EndProject
Project("{9A19103F-16F7-4668-BE54-9A1E7A4F7556}") = "FHS.Utilities", "FHS.Common\FHS.Utilities.csproj", "{52AA6998-1C83-4697-86B2-215B8AA30D0D}"
	ProjectSection(ProjectDependencies) = postProject
		{738AA5D1-5E1F-4D6C-AA99-AB991FEE8905} = {738AA5D1-5E1F-4D6C-AA99-AB991FEE8905}
	EndProjectSection
EndProject
Project("{9A19103F-16F7-4668-BE54-9A1E7A4F7556}") = "FHS.Tests", "FHS.Tests\FHS.Tests.csproj", "{ACCA8BB6-8611-427A-B09D-0E3604C99345}"
EndProject
Project("{9A19103F-16F7-4668-BE54-9A1E7A4F7556}") = "FHS.Interfaces", "FHS.Interfaces\FHS.Interfaces.csproj", "{39BD9E08-E1E3-4730-8AF7-BD8D802A2168}"
EndProject
Project("{2150E333-8FDC-42A3-9474-1A3956D46DE8}") = "Backend", "Backend", "{6A71D532-697F-4957-B926-B917A6E879A9}"
EndProject
Project("{2150E333-8FDC-42A3-9474-1A3956D46DE8}") = "Frontend", "Frontend", "{20767ECA-9C04-437F-B319-4B185B421055}"
EndProject
Project("{54A90642-561A-4BB1-A94E-469ADEE60C69}") = "FHS.ReactWebPortal", "FHS.ReactWebPortal\FHS.ReactWebPortal.esproj", "{0A40F18B-A0E8-4559-8180-CD792FEE6FA4}"
EndProject
Global
	GlobalSection(SolutionConfigurationPlatforms) = preSolution
		Debug|Any CPU = Debug|Any CPU
		Release|Any CPU = Release|Any CPU
	EndGlobalSection
	GlobalSection(ProjectConfigurationPlatforms) = postSolution
		{DCEC213A-93DC-4C62-96C8-E05C710BBEA6}.Debug|Any CPU.ActiveCfg = Debug|Any CPU
		{DCEC213A-93DC-4C62-96C8-E05C710BBEA6}.Debug|Any CPU.Build.0 = Debug|Any CPU
		{DCEC213A-93DC-4C62-96C8-E05C710BBEA6}.Release|Any CPU.ActiveCfg = Release|Any CPU
		{DCEC213A-93DC-4C62-96C8-E05C710BBEA6}.Release|Any CPU.Build.0 = Release|Any CPU
		{300BDC8F-3CA4-4429-A063-2A79810AF5E3}.Debug|Any CPU.ActiveCfg = Debug|Any CPU
		{300BDC8F-3CA4-4429-A063-2A79810AF5E3}.Debug|Any CPU.Build.0 = Debug|Any CPU
		{300BDC8F-3CA4-4429-A063-2A79810AF5E3}.Release|Any CPU.ActiveCfg = Release|Any CPU
		{300BDC8F-3CA4-4429-A063-2A79810AF5E3}.Release|Any CPU.Build.0 = Release|Any CPU
		{9C888503-112D-4123-BCE1-9BC44261D976}.Debug|Any CPU.ActiveCfg = Debug|Any CPU
		{9C888503-112D-4123-BCE1-9BC44261D976}.Debug|Any CPU.Build.0 = Debug|Any CPU
		{9C888503-112D-4123-BCE1-9BC44261D976}.Release|Any CPU.ActiveCfg = Release|Any CPU
		{9C888503-112D-4123-BCE1-9BC44261D976}.Release|Any CPU.Build.0 = Release|Any CPU
		{028A9787-5DA8-4D12-A6B4-7B3FF0327F8E}.Debug|Any CPU.ActiveCfg = Debug|Any CPU
		{028A9787-5DA8-4D12-A6B4-7B3FF0327F8E}.Debug|Any CPU.Build.0 = Debug|Any CPU
		{028A9787-5DA8-4D12-A6B4-7B3FF0327F8E}.Release|Any CPU.ActiveCfg = Release|Any CPU
		{028A9787-5DA8-4D12-A6B4-7B3FF0327F8E}.Release|Any CPU.Build.0 = Release|Any CPU
		{A3C3E273-61EE-48EF-A3C2-8D934D3EFA83}.Debug|Any CPU.ActiveCfg = Debug|Any CPU
		{A3C3E273-61EE-48EF-A3C2-8D934D3EFA83}.Debug|Any CPU.Build.0 = Debug|Any CPU
		{A3C3E273-61EE-48EF-A3C2-8D934D3EFA83}.Release|Any CPU.ActiveCfg = Release|Any CPU
		{A3C3E273-61EE-48EF-A3C2-8D934D3EFA83}.Release|Any CPU.Build.0 = Release|Any CPU
		{738AA5D1-5E1F-4D6C-AA99-AB991FEE8905}.Debug|Any CPU.ActiveCfg = Debug|Any CPU
		{738AA5D1-5E1F-4D6C-AA99-AB991FEE8905}.Debug|Any CPU.Build.0 = Debug|Any CPU
		{738AA5D1-5E1F-4D6C-AA99-AB991FEE8905}.Release|Any CPU.ActiveCfg = Release|Any CPU
		{738AA5D1-5E1F-4D6C-AA99-AB991FEE8905}.Release|Any CPU.Build.0 = Release|Any CPU
		{52AA6998-1C83-4697-86B2-215B8AA30D0D}.Debug|Any CPU.ActiveCfg = Debug|Any CPU
		{52AA6998-1C83-4697-86B2-215B8AA30D0D}.Debug|Any CPU.Build.0 = Debug|Any CPU
		{52AA6998-1C83-4697-86B2-215B8AA30D0D}.Release|Any CPU.ActiveCfg = Release|Any CPU
		{52AA6998-1C83-4697-86B2-215B8AA30D0D}.Release|Any CPU.Build.0 = Release|Any CPU
		{ACCA8BB6-8611-427A-B09D-0E3604C99345}.Debug|Any CPU.ActiveCfg = Debug|Any CPU
		{ACCA8BB6-8611-427A-B09D-0E3604C99345}.Debug|Any CPU.Build.0 = Debug|Any CPU
		{ACCA8BB6-8611-427A-B09D-0E3604C99345}.Release|Any CPU.ActiveCfg = Release|Any CPU
		{ACCA8BB6-8611-427A-B09D-0E3604C99345}.Release|Any CPU.Build.0 = Release|Any CPU
		{39BD9E08-E1E3-4730-8AF7-BD8D802A2168}.Debug|Any CPU.ActiveCfg = Debug|Any CPU
		{39BD9E08-E1E3-4730-8AF7-BD8D802A2168}.Debug|Any CPU.Build.0 = Debug|Any CPU
		{39BD9E08-E1E3-4730-8AF7-BD8D802A2168}.Release|Any CPU.ActiveCfg = Release|Any CPU
		{39BD9E08-E1E3-4730-8AF7-BD8D802A2168}.Release|Any CPU.Build.0 = Release|Any CPU
		{0A40F18B-A0E8-4559-8180-CD792FEE6FA4}.Debug|Any CPU.ActiveCfg = Debug|Any CPU
		{0A40F18B-A0E8-4559-8180-CD792FEE6FA4}.Debug|Any CPU.Build.0 = Debug|Any CPU
		{0A40F18B-A0E8-4559-8180-CD792FEE6FA4}.Debug|Any CPU.Deploy.0 = Debug|Any CPU
		{0A40F18B-A0E8-4559-8180-CD792FEE6FA4}.Release|Any CPU.ActiveCfg = Release|Any CPU
		{0A40F18B-A0E8-4559-8180-CD792FEE6FA4}.Release|Any CPU.Build.0 = Release|Any CPU
		{0A40F18B-A0E8-4559-8180-CD792FEE6FA4}.Release|Any CPU.Deploy.0 = Release|Any CPU
	EndGlobalSection
	GlobalSection(SolutionProperties) = preSolution
		HideSolutionNode = FALSE
	EndGlobalSection
	GlobalSection(NestedProjects) = preSolution
		{DCEC213A-93DC-4C62-96C8-E05C710BBEA6} = {6A71D532-697F-4957-B926-B917A6E879A9}
		{300BDC8F-3CA4-4429-A063-2A79810AF5E3} = {6A71D532-697F-4957-B926-B917A6E879A9}
		{9C888503-112D-4123-BCE1-9BC44261D976} = {6A71D532-697F-4957-B926-B917A6E879A9}
		{028A9787-5DA8-4D12-A6B4-7B3FF0327F8E} = {6A71D532-697F-4957-B926-B917A6E879A9}
		{A3C3E273-61EE-48EF-A3C2-8D934D3EFA83} = {6A71D532-697F-4957-B926-B917A6E879A9}
		{738AA5D1-5E1F-4D6C-AA99-AB991FEE8905} = {6A71D532-697F-4957-B926-B917A6E879A9}
		{52AA6998-1C83-4697-86B2-215B8AA30D0D} = {6A71D532-697F-4957-B926-B917A6E879A9}
		{ACCA8BB6-8611-427A-B09D-0E3604C99345} = {6A71D532-697F-4957-B926-B917A6E879A9}
		{39BD9E08-E1E3-4730-8AF7-BD8D802A2168} = {6A71D532-697F-4957-B926-B917A6E879A9}
		{0A40F18B-A0E8-4559-8180-CD792FEE6FA4} = {20767ECA-9C04-437F-B319-4B185B421055}
	EndGlobalSection
	GlobalSection(ExtensibilityGlobals) = postSolution
		SolutionGuid = {C062F7C1-3567-410C-A01C-E39D92DB80CE}
	EndGlobalSection
EndGlobal
